{
  "name": "Eshop",
  "version": "11.0.0",
  "lockfileVersion": 1,
  "requires": true,
  "dependencies": {
    "paypal-express-checkout": {
      "version": "1.6.3",
      "resolved": "https://registry.npmjs.org/paypal-express-checkout/-/paypal-express-checkout-1.6.3.tgz",
      "integrity": "sha512-UiTt2MKB89Z8FlXwmRfvcFX3z4FCo8ZjizXkWZ27Iwe19KQM5nG9FWevA0UAtZdgb+PRfEbQ0iM8KrgJ4OyhxQ=="
    },
    "total.js": {
      "version": "3.4.7",
      "resolved": "https://registry.npmjs.org/total.js/-/total.js-3.4.7.tgz",
      "integrity": "sha512-abqLZo6B7IqoTBICJkuXiQ2M51/+UY7YbmWkAAIn7f4TnzeurbQRQJY0uNcxcFPm4ohwt2n6KB94qMZRPK7Z0g=="
    }
  }
}
