{
  "name": "Eshop",
  "version": "11.0.0",
  "lockfileVersion": 1,
  "requires": true,
  "dependencies": {
    "paypal-express-checkout": {
      "version": "1.6.3",
      "resolved": "https://registry.npmjs.org/paypal-express-checkout/-/paypal-express-checkout-1.6.3.tgz",
      "integrity": "sha512-UiTt2MKB89Z8FlXwmRfvcFX3z4FCo8ZjizXkWZ27Iwe19KQM5nG9FWevA0UAtZdgb+PRfEbQ0iM8KrgJ4OyhxQ=="
    },
    "total.js": {
      "version": "3.4.10",
      "resolved": "https://registry.npmjs.org/total.js/-/total.js-3.4.10.tgz",
      "integrity": "sha512-hA8WHGxx3AtzddUfWH5jmbmn3dePBh4vHvH0zsZ3DbDDv5dONX5W78oGw7ha05enEs+pDyN/pQhfb1qo6g6Bxw=="
    }
  }
}
