{
  "name": "Eshop",
  "version": "11.0.0",
  "lockfileVersion": 1,
  "requires": true,
  "dependencies": {
    "paypal-express-checkout": {
      "version": "1.6.3",
      "resolved": "https://registry.npmjs.org/paypal-express-checkout/-/paypal-express-checkout-1.6.3.tgz",
      "integrity": "sha512-UiTt2MKB89Z8FlXwmRfvcFX3z4FCo8ZjizXkWZ27Iwe19KQM5nG9FWevA0UAtZdgb+PRfEbQ0iM8KrgJ4OyhxQ=="
    },
    "total.js": {
      "version": "3.4.13",
      "resolved": "https://registry.npmjs.org/total.js/-/total.js-3.4.13.tgz",
      "integrity": "sha512-lAH4gEixlPFbrE3xfKADAcHfO79IFq2wKa9GTsrgRzIR5MTg3mNH7+4IxvX1pK8faoYb/0oYSJ1YTsAa5hIFFQ=="
    }
  }
}
